
Microsoft Visual Studio Solution File, Format Version 12.00
# Visual Studio Version 16
VisualStudioVersion = 16.0.31624.102
MinimumVisualStudioVersion = 10.0.40219.1
Project("{FAE04EC0-301F-11D3-BF4B-00C04F79EFBC}") = "PDAI", "PDAI\PDAI.csproj", "{935B3333-8D94-4476-8DEF-385D59B51421}"
EndProject
Project("{9A19103F-16F7-4668-BE54-9A1E7A4F7556}") = "PddlParser", "PddlParser\PddlParser.csproj", "{AB79DB5C-980C-4710-842A-66AE84507F23}"
EndProject
Project("{9A19103F-16F7-4668-BE54-9A1E7A4F7556}") = "Shared", "Shared\Shared.csproj", "{423BF255-1670-4AAF-8E2A-E576CD76D574}"
EndProject
Project("{9A19103F-16F7-4668-BE54-9A1E7A4F7556}") = "PopperWriter", "PopperWriter\PopperWriter.csproj", "{7EB4A697-B72B-4957-9C04-4DE918CA6B31}"
EndProject
Project("{2150E333-8FDC-42A3-9474-1A3956D46DE8}") = "Test", "Test", "{BA41A750-3A65-49C2-9B4D-094CE1291C58}"
EndProject
Project("{2150E333-8FDC-42A3-9474-1A3956D46DE8}") = "Unit", "Unit", "{76143049-E40C-4328-A04E-C10A9529695C}"
EndProject
Project("{9A19103F-16F7-4668-BE54-9A1E7A4F7556}") = "PopperWriter.Tests", "Test\Unit\PopperWriter.Tests\PopperWriter.Tests.csproj", "{9BF7365E-A5D7-4468-9E32-F3C9042D0766}"
EndProject
Project("{9A19103F-16F7-4668-BE54-9A1E7A4F7556}") = "Test.Utilities", "Test\Test.Utilities\Test.Utilities.csproj", "{0E5E152F-56AF-4FD7-9FF1-CA84B2ECC45D}"
EndProject
Project("{FAE04EC0-301F-11D3-BF4B-00C04F79EFBC}") = "Parser.Pddl.Tests", "Test\Unit\Parser.Pddl.Tests\Parser.Pddl.Tests.csproj", "{3523DBA3-CBB1-44C7-891F-506ACAE71800}"
EndProject
Global
	GlobalSection(SolutionConfigurationPlatforms) = preSolution
		Debug|Any CPU = Debug|Any CPU
		Release|Any CPU = Release|Any CPU
	EndGlobalSection
	GlobalSection(ProjectConfigurationPlatforms) = postSolution
		{935B3333-8D94-4476-8DEF-385D59B51421}.Debug|Any CPU.ActiveCfg = Debug|Any CPU
		{935B3333-8D94-4476-8DEF-385D59B51421}.Debug|Any CPU.Build.0 = Debug|Any CPU
		{935B3333-8D94-4476-8DEF-385D59B51421}.Release|Any CPU.ActiveCfg = Release|Any CPU
		{935B3333-8D94-4476-8DEF-385D59B51421}.Release|Any CPU.Build.0 = Release|Any CPU
		{AB79DB5C-980C-4710-842A-66AE84507F23}.Debug|Any CPU.ActiveCfg = Debug|Any CPU
		{AB79DB5C-980C-4710-842A-66AE84507F23}.Debug|Any CPU.Build.0 = Debug|Any CPU
		{AB79DB5C-980C-4710-842A-66AE84507F23}.Release|Any CPU.ActiveCfg = Release|Any CPU
		{AB79DB5C-980C-4710-842A-66AE84507F23}.Release|Any CPU.Build.0 = Release|Any CPU
		{423BF255-1670-4AAF-8E2A-E576CD76D574}.Debug|Any CPU.ActiveCfg = Debug|Any CPU
		{423BF255-1670-4AAF-8E2A-E576CD76D574}.Debug|Any CPU.Build.0 = Debug|Any CPU
		{423BF255-1670-4AAF-8E2A-E576CD76D574}.Release|Any CPU.ActiveCfg = Release|Any CPU
		{423BF255-1670-4AAF-8E2A-E576CD76D574}.Release|Any CPU.Build.0 = Release|Any CPU
		{7EB4A697-B72B-4957-9C04-4DE918CA6B31}.Debug|Any CPU.ActiveCfg = Debug|Any CPU
		{7EB4A697-B72B-4957-9C04-4DE918CA6B31}.Debug|Any CPU.Build.0 = Debug|Any CPU
		{7EB4A697-B72B-4957-9C04-4DE918CA6B31}.Release|Any CPU.ActiveCfg = Release|Any CPU
		{7EB4A697-B72B-4957-9C04-4DE918CA6B31}.Release|Any CPU.Build.0 = Release|Any CPU
		{9BF7365E-A5D7-4468-9E32-F3C9042D0766}.Debug|Any CPU.ActiveCfg = Debug|Any CPU
		{9BF7365E-A5D7-4468-9E32-F3C9042D0766}.Debug|Any CPU.Build.0 = Debug|Any CPU
		{9BF7365E-A5D7-4468-9E32-F3C9042D0766}.Release|Any CPU.ActiveCfg = Release|Any CPU
		{9BF7365E-A5D7-4468-9E32-F3C9042D0766}.Release|Any CPU.Build.0 = Release|Any CPU
		{0E5E152F-56AF-4FD7-9FF1-CA84B2ECC45D}.Debug|Any CPU.ActiveCfg = Debug|Any CPU
		{0E5E152F-56AF-4FD7-9FF1-CA84B2ECC45D}.Debug|Any CPU.Build.0 = Debug|Any CPU
		{0E5E152F-56AF-4FD7-9FF1-CA84B2ECC45D}.Release|Any CPU.ActiveCfg = Release|Any CPU
		{0E5E152F-56AF-4FD7-9FF1-CA84B2ECC45D}.Release|Any CPU.Build.0 = Release|Any CPU
		{3523DBA3-CBB1-44C7-891F-506ACAE71800}.Debug|Any CPU.ActiveCfg = Debug|Any CPU
		{3523DBA3-CBB1-44C7-891F-506ACAE71800}.Debug|Any CPU.Build.0 = Debug|Any CPU
		{3523DBA3-CBB1-44C7-891F-506ACAE71800}.Release|Any CPU.ActiveCfg = Release|Any CPU
		{3523DBA3-CBB1-44C7-891F-506ACAE71800}.Release|Any CPU.Build.0 = Release|Any CPU
	EndGlobalSection
	GlobalSection(SolutionProperties) = preSolution
		HideSolutionNode = FALSE
	EndGlobalSection
	GlobalSection(NestedProjects) = preSolution
		{76143049-E40C-4328-A04E-C10A9529695C} = {BA41A750-3A65-49C2-9B4D-094CE1291C58}
		{9BF7365E-A5D7-4468-9E32-F3C9042D0766} = {76143049-E40C-4328-A04E-C10A9529695C}
		{0E5E152F-56AF-4FD7-9FF1-CA84B2ECC45D} = {BA41A750-3A65-49C2-9B4D-094CE1291C58}
		{3523DBA3-CBB1-44C7-891F-506ACAE71800} = {76143049-E40C-4328-A04E-C10A9529695C}
	EndGlobalSection
	GlobalSection(ExtensibilityGlobals) = postSolution
		SolutionGuid = {59D1C8C3-79D9-45B4-AAAF-E423DA87F4D7}
	EndGlobalSection
EndGlobal
